
Microsoft Visual Studio Solution File, Format Version 12.00
# Visual Studio Version 16
VisualStudioVersion = 16.0.29102.190
MinimumVisualStudioVersion = 10.0.40219.1
Project("{9A19103F-16F7-4668-BE54-9A1E7A4F7556}") = "SignalR.Client", "NetCore.SignalR\NetCore.SignalR\SignalR.Client\SignalR.Client.csproj", "{90A60256-E56B-431B-82A3-34812A452AB2}"
EndProject
Project("{9A19103F-16F7-4668-BE54-9A1E7A4F7556}") = "SignalR.Server", "NetCore.SignalR\NetCore.SignalR\SignalR.Server\SignalR.Server.csproj", "{30E1AE4F-3FB4-41BE-B452-9B16B3753528}"
EndProject
Global
	GlobalSection(SolutionConfigurationPlatforms) = preSolution
		Debug|Any CPU = Debug|Any CPU
		Release|Any CPU = Release|Any CPU
	EndGlobalSection
	GlobalSection(ProjectConfigurationPlatforms) = postSolution
		{90A60256-E56B-431B-82A3-34812A452AB2}.Debug|Any CPU.ActiveCfg = Debug|Any CPU
		{90A60256-E56B-431B-82A3-34812A452AB2}.Debug|Any CPU.Build.0 = Debug|Any CPU
		{90A60256-E56B-431B-82A3-34812A452AB2}.Release|Any CPU.ActiveCfg = Release|Any CPU
		{90A60256-E56B-431B-82A3-34812A452AB2}.Release|Any CPU.Build.0 = Release|Any CPU
		{30E1AE4F-3FB4-41BE-B452-9B16B3753528}.Debug|Any CPU.ActiveCfg = Debug|Any CPU
		{30E1AE4F-3FB4-41BE-B452-9B16B3753528}.Debug|Any CPU.Build.0 = Debug|Any CPU
		{30E1AE4F-3FB4-41BE-B452-9B16B3753528}.Release|Any CPU.ActiveCfg = Release|Any CPU
		{30E1AE4F-3FB4-41BE-B452-9B16B3753528}.Release|Any CPU.Build.0 = Release|Any CPU
	EndGlobalSection
	GlobalSection(SolutionProperties) = preSolution
		HideSolutionNode = FALSE
	EndGlobalSection
	GlobalSection(ExtensibilityGlobals) = postSolution
		SolutionGuid = {8E0FD4A0-4CC8-4044-9929-44BBBB35206C}
	EndGlobalSection
	GlobalSection(TeamFoundationVersionControl) = preSolution
		SccNumberOfProjects = 2
		SccEnterpriseProvider = {4CA58AB2-18FA-4F8D-95D4-32DDF27D184C}
		SccTeamFoundationServer = https://wpz.visualstudio.com/
		SccProjectUniqueName0 = NetCore.SignalR\\NetCore.SignalR\\SignalR.Client\\SignalR.Client.csproj
		SccProjectName0 = $/webapp/NetCore.SignalR/NetCore.SignalR/SignalR.Client
		SccAuxPath0 = https://wpz.visualstudio.com
		SccLocalPath0 = NetCore.SignalR\\NetCore.SignalR\\SignalR.Client
		SccProvider0 = {4CA58AB2-18FA-4F8D-95D4-32DDF27D184C}
		SccProjectUniqueName1 = NetCore.SignalR\\NetCore.SignalR\\SignalR.Server\\SignalR.Server.csproj
		SccProjectName1 = $/webapp/NetCore.SignalR/NetCore.SignalR/SignalR.Server
		SccAuxPath1 = https://wpz.visualstudio.com
		SccLocalPath1 = NetCore.SignalR\\NetCore.SignalR\\SignalR.Server
		SccProvider1 = {4CA58AB2-18FA-4F8D-95D4-32DDF27D184C}
	EndGlobalSection
EndGlobal
